PODS:
  - XDK (0.1.0)
  - XDP (0.1.0)

DEPENDENCIES:
  - XDK (from `../../../XDK/XDK`)
  - XDP (from `../`)

EXTERNAL SOURCES:
  XDK:
    :path: ../../../XDK/XDK
  XDP:
    :path: ../

SPEC CHECKSUMS:
  XDK: 87d806bfea31e4cd37c370efe89166015a8d9193
  XDP: 0ad74ef610edee08d8ae7bc64cbdc979850cbca6

PODFILE CHECKSUM: a015df1cad2e163bed4c2876110c3543b6e2d604

COCOAPODS: 1.3.1
